<?xml version="1.0" encoding="utf-8"?>
<Project ToolsVersion="4.0" xmlns="http://schemas.microsoft.com/developer/msbuild/2003">
  <ItemGroup>
    <Filter Include="Logic">
      <UniqueIdentifier>{149c9cb9-c871-43dc-8b35-4be173f40480}</UniqueIdentifier>
    </Filter>
    <Filter Include="Logic\Header">
      <UniqueIdentifier>{986aaa47-0d8e-4c67-b326-01084120cf0b}</UniqueIdentifier>
    </Filter>
    <Filter Include="Logic\Source">
      <UniqueIdentifier>{0f351846-cadf-4c92-8180-e458868a37f2}</UniqueIdentifier>
    </Filter>
    <Filter Include="View">
      <UniqueIdentifier>{fc8d78d1-7b98-4ebc-b88f-683822a0a003}</UniqueIdentifier>
    </Filter>
    <Filter Include="View\Header">
      <UniqueIdentifier>{a1c82e52-2f8c-4b5f-873f-f8e81766b38a}</UniqueIdentifier>
    </Filter>
    <Filter Include="View\Source">
      <UniqueIdentifier>{28c88ff8-6f9e-4a62-895b-493860febe55}</UniqueIdentifier>
    </Filter>
    <Filter Include="Ressource">
      <UniqueIdentifier>{66f915cc-3a3e-4a20-953f-7a30d67aa666}</UniqueIdentifier>
    </Filter>
    <Filter Include="Ressource\Header">
      <UniqueIdentifier>{2f6b4535-b6c8-47ab-968d-a672b839ca4d}</UniqueIdentifier>
    </Filter>
    <Filter Include="Ressource\Source">
      <UniqueIdentifier>{91927887-ba64-44e6-acbb-688251fc85d7}</UniqueIdentifier>
    </Filter>
  </ItemGroup>
  <ItemGroup>
    <ClCompile Include="WordFortress.cpp">
      <Filter>Logic\Source</Filter>
    </ClCompile>
    <ClCompile Include="GUI\WordFortressMainGui.cpp">
      <Filter>View\Source</Filter>
    </ClCompile>
    <ClCompile Include="..\..\Libraries\sqlite-amalgamation-3230100\sqlite\sqlite3.c" />
    <ClCompile Include="GUI\WordFortressAddEntryGui.cpp">
      <Filter>View\Source</Filter>
    </ClCompile>
    <ClCompile Include="Database.cpp">
      <Filter>Ressource\Source</Filter>
    </ClCompile>
    <ClCompile Include="MainGuiLogic.cpp">
      <Filter>Logic\Source</Filter>
    </ClCompile>
  </ItemGroup>
  <ItemGroup>
    <ClInclude Include="WordFortress.h">
      <Filter>Logic\Header</Filter>
    </ClInclude>
    <ClInclude Include="GUI\WordFortressMainGui.h">
      <Filter>View\Header</Filter>
    </ClInclude>
    <ClInclude Include="GUI\WordFortressAddEntryGui.h">
      <Filter>View\Header</Filter>
    </ClInclude>
    <ClInclude Include="Database.h">
      <Filter>Ressource\Header</Filter>
    </ClInclude>
    <ClInclude Include="MainGuiLogic.h">
      <Filter>Logic\Header</Filter>
    </ClInclude>
    <ClInclude Include="Constants.h">
      <Filter>Ressource\Header</Filter>
    </ClInclude>
  </ItemGroup>
</Project>